// !$*UTF8*$!
{
	archiveVersion = 1;
	classes = {
	};
	objectVersion = 50;
	objects = {

/* Begin PBXBuildFile section */
		3248C6EE266299F9001CF4E5 /* ThumbView.swift in Sources */ = {isa = PBXBuildFile; fileRef = 3248C6ED266299F9001CF4E5 /* ThumbView.swift */; };
		3248C6F12662A4FA001CF4E5 /* FeedView.swift in Sources */ = {isa = PBXBuildFile; fileRef = 3248C6F02662A4FA001CF4E5 /* FeedView.swift */; };
		3254D759266328A000017835 /* beauty.ttf in Resources */ = {isa = PBXBuildFile; fileRef = 3254D7562663289F00017835 /* beauty.ttf */; };
		3254D75A266328A000017835 /* candice.ttf in Resources */ = {isa = PBXBuildFile; fileRef = 3254D757266328A000017835 /* candice.ttf */; };
		3254D75B266328A000017835 /* wisdom.ttf in Resources */ = {isa = PBXBuildFile; fileRef = 3254D758266328A000017835 /* wisdom.ttf */; };
		3254D75D26632A7F00017835 /* RomanticaPersonalUse-8V2J.ttf in Resources */ = {isa = PBXBuildFile; fileRef = 3254D75C26632A7F00017835 /* RomanticaPersonalUse-8V2J.ttf */; };
		3254D75F26632C1700017835 /* marshmallow.ttf in Resources */ = {isa = PBXBuildFile; fileRef = 3254D75E26632C1700017835 /* marshmallow.ttf */; };
		327C70952661C15B001901D6 /* Person.swift in Sources */ = {isa = PBXBuildFile; fileRef = 327C70942661C15B001901D6 /* Person.swift */; };
		328482352660593C006FBB26 /* InstaApp.swift in Sources */ = {isa = PBXBuildFile; fileRef = 328482342660593C006FBB26 /* InstaApp.swift */; };
		328482372660593C006FBB26 /* ContentView.swift in Sources */ = {isa = PBXBuildFile; fileRef = 328482362660593C006FBB26 /* ContentView.swift */; };
		328482392660593D006FBB26 /* Assets.xcassets in Resources */ = {isa = PBXBuildFile; fileRef = 328482382660593D006FBB26 /* Assets.xcassets */; };
		3284823C2660593D006FBB26 /* Preview Assets.xcassets in Resources */ = {isa = PBXBuildFile; fileRef = 3284823B2660593D006FBB26 /* Preview Assets.xcassets */; };
		328482452660626A006FBB26 /* NavView.swift in Sources */ = {isa = PBXBuildFile; fileRef = 328482442660626A006FBB26 /* NavView.swift */; };
		32CB8D772662E4B700D84810 /* CommentSectionView.swift in Sources */ = {isa = PBXBuildFile; fileRef = 32CB8D762662E4B700D84810 /* CommentSectionView.swift */; };
/* End PBXBuildFile section */

/* Begin PBXFileReference section */
		3248C6ED266299F9001CF4E5 /* ThumbView.swift */ = {isa = PBXFileReference; lastKnownFileType = sourcecode.swift; path = ThumbView.swift; sourceTree = "<group>"; };
		3248C6F02662A4FA001CF4E5 /* FeedView.swift */ = {isa = PBXFileReference; lastKnownFileType = sourcecode.swift; path = FeedView.swift; sourceTree = "<group>"; };
		3254D7562663289F00017835 /* beauty.ttf */ = {isa = PBXFileReference; lastKnownFileType = file; path = beauty.ttf; sourceTree = "<group>"; };
		3254D757266328A000017835 /* candice.ttf */ = {isa = PBXFileReference; lastKnownFileType = file; path = candice.ttf; sourceTree = "<group>"; };
		3254D758266328A000017835 /* wisdom.ttf */ = {isa = PBXFileReference; lastKnownFileType = file; path = wisdom.ttf; sourceTree = "<group>"; };
		3254D75C26632A7F00017835 /* RomanticaPersonalUse-8V2J.ttf */ = {isa = PBXFileReference; lastKnownFileType = file; path = "RomanticaPersonalUse-8V2J.ttf"; sourceTree = "<group>"; };
		3254D75E26632C1700017835 /* marshmallow.ttf */ = {isa = PBXFileReference; lastKnownFileType = file; path = marshmallow.ttf; sourceTree = "<group>"; };
		327C70942661C15B001901D6 /* Person.swift */ = {isa = PBXFileReference; lastKnownFileType = sourcecode.swift; path = Person.swift; sourceTree = "<group>"; };
		328482312660593C006FBB26 /* Insta.app */ = {isa = PBXFileReference; explicitFileType = wrapper.application; includeInIndex = 0; path = Insta.app; sourceTree = BUILT_PRODUCTS_DIR; };
		328482342660593C006FBB26 /* InstaApp.swift */ = {isa = PBXFileReference; lastKnownFileType = sourcecode.swift; path = InstaApp.swift; sourceTree = "<group>"; };
		328482362660593C006FBB26 /* ContentView.swift */ = {isa = PBXFileReference; lastKnownFileType = sourcecode.swift; path = ContentView.swift; sourceTree = "<group>"; };
		328482382660593D006FBB26 /* Assets.xcassets */ = {isa = PBXFileReference; lastKnownFileType = folder.assetcatalog; path = Assets.xcassets; sourceTree = "<group>"; };
		3284823B2660593D006FBB26 /* Preview Assets.xcassets */ = {isa = PBXFileReference; lastKnownFileType = folder.assetcatalog; path = "Preview Assets.xcassets"; sourceTree = "<group>"; };
		3284823D2660593D006FBB26 /* Info.plist */ = {isa = PBXFileReference; lastKnownFileType = text.plist.xml; path = Info.plist; sourceTree = "<group>"; };
		328482442660626A006FBB26 /* NavView.swift */ = {isa = PBXFileReference; lastKnownFileType = sourcecode.swift; path = NavView.swift; sourceTree = "<group>"; };
		32CB8D762662E4B700D84810 /* CommentSectionView.swift */ = {isa = PBXFileReference; lastKnownFileType = sourcecode.swift; path = CommentSectionView.swift; sourceTree = "<group>"; };
/* End PBXFileReference section */

/* Begin PBXFrameworksBuildPhase section */
		3284822E2660593C006FBB26 /* Frameworks */ = {
			isa = PBXFrameworksBuildPhase;
			buildActionMask = 2147483647;
			files = (
			);
			runOnlyForDeploymentPostprocessing = 0;
		};
/* End PBXFrameworksBuildPhase section */

/* Begin PBXGroup section */
		3248C6EC266299D6001CF4E5 /* Thumbs */ = {
			isa = PBXGroup;
			children = (
				3248C6ED266299F9001CF4E5 /* ThumbView.swift */,
			);
			path = Thumbs;
			sourceTree = "<group>";
		};
		3248C6EF2662A4ED001CF4E5 /* Feed */ = {
			isa = PBXGroup;
			children = (
				3248C6F02662A4FA001CF4E5 /* FeedView.swift */,
				32CB8D762662E4B700D84810 /* CommentSectionView.swift */,
			);
			path = Feed;
			sourceTree = "<group>";
		};
		327C70932661C14B001901D6 /* Models */ = {
			isa = PBXGroup;
			children = (
				327C70942661C15B001901D6 /* Person.swift */,
			);
			path = Models;
			sourceTree = "<group>";
		};
		328482282660593C006FBB26 = {
			isa = PBXGroup;
			children = (
				328482332660593C006FBB26 /* Insta */,
				328482322660593C006FBB26 /* Products */,
			);
			sourceTree = "<group>";
		};
		328482322660593C006FBB26 /* Products */ = {
			isa = PBXGroup;
			children = (
				328482312660593C006FBB26 /* Insta.app */,
			);
			name = Products;
			sourceTree = "<group>";
		};
		328482332660593C006FBB26 /* Insta */ = {
			isa = PBXGroup;
			children = (
				3248C6EF2662A4ED001CF4E5 /* Feed */,
				3248C6EC266299D6001CF4E5 /* Thumbs */,
				327C70932661C14B001901D6 /* Models */,
				328482482661B0E5006FBB26 /* Fonts */,
				328482432660625C006FBB26 /* Nav */,
				328482342660593C006FBB26 /* InstaApp.swift */,
				328482362660593C006FBB26 /* ContentView.swift */,
				328482382660593D006FBB26 /* Assets.xcassets */,
				3284823D2660593D006FBB26 /* Info.plist */,
				3284823A2660593D006FBB26 /* Preview Content */,
			);
			path = Insta;
			sourceTree = "<group>";
		};
		3284823A2660593D006FBB26 /* Preview Content */ = {
			isa = PBXGroup;
			children = (
				3284823B2660593D006FBB26 /* Preview Assets.xcassets */,
			);
			path = "Preview Content";
			sourceTree = "<group>";
		};
		328482432660625C006FBB26 /* Nav */ = {
			isa = PBXGroup;
			children = (
				328482442660626A006FBB26 /* NavView.swift */,
			);
			path = Nav;
			sourceTree = "<group>";
		};
		328482482661B0E5006FBB26 /* Fonts */ = {
			isa = PBXGroup;
			children = (
				3254D75E26632C1700017835 /* marshmallow.ttf */,
				3254D7562663289F00017835 /* beauty.ttf */,
				3254D757266328A000017835 /* candice.ttf */,
				3254D75C26632A7F00017835 /* RomanticaPersonalUse-8V2J.ttf */,
				3254D758266328A000017835 /* wisdom.ttf */,
			);
			path = Fonts;
			sourceTree = "<group>";
		};
/* End PBXGroup section */

/* Begin PBXNativeTarget section */
		328482302660593C006FBB26 /* Insta */ = {
			isa = PBXNativeTarget;
			buildConfigurationList = 328482402660593D006FBB26 /* Build configuration list for PBXNativeTarget "Insta" */;
			buildPhases = (
				3284822D2660593C006FBB26 /* Sources */,
				3284822E2660593C006FBB26 /* Frameworks */,
				3284822F2660593C006FBB26 /* Resources */,
			);
			buildRules = (
			);
			dependencies = (
			);
			name = Insta;
			productName = Insta;
			productReference = 328482312660593C006FBB26 /* Insta.app */;
			productType = "com.apple.product-type.application";
		};
/* End PBXNativeTarget section */

/* Begin PBXProject section */
		328482292660593C006FBB26 /* Project object */ = {
			isa = PBXProject;
			attributes = {
				LastSwiftUpdateCheck = 1250;
				LastUpgradeCheck = 1250;
				TargetAttributes = {
					328482302660593C006FBB26 = {
						CreatedOnToolsVersion = 12.5;
					};
				};
			};
			buildConfigurationList = 3284822C2660593C006FBB26 /* Build configuration list for PBXProject "Insta" */;
			compatibilityVersion = "Xcode 9.3";
			developmentRegion = en;
			hasScannedForEncodings = 0;
			knownRegions = (
				en,
				Base,
			);
			mainGroup = 328482282660593C006FBB26;
			productRefGroup = 328482322660593C006FBB26 /* Products */;
			projectDirPath = "";
			projectRoot = "";
			targets = (
				328482302660593C006FBB26 /* Insta */,
			);
		};
/* End PBXProject section */

/* Begin PBXResourcesBuildPhase section */
		3284822F2660593C006FBB26 /* Resources */ = {
			isa = PBXResourcesBuildPhase;
			buildActionMask = 2147483647;
			files = (
				3254D759266328A000017835 /* beauty.ttf in Resources */,
				3284823C2660593D006FBB26 /* Preview Assets.xcassets in Resources */,
				3254D75B266328A000017835 /* wisdom.ttf in Resources */,
				3254D75A266328A000017835 /* candice.ttf in Resources */,
				3254D75F26632C1700017835 /* marshmallow.ttf in Resources */,
				328482392660593D006FBB26 /* Assets.xcassets in Resources */,
				3254D75D26632A7F00017835 /* RomanticaPersonalUse-8V2J.ttf in Resources */,
			);
			runOnlyForDeploymentPostprocessing = 0;
		};
/* End PBXResourcesBuildPhase section */

/* Begin PBXSourcesBuildPhase section */
		3284822D2660593C006FBB26 /* Sources */ = {
			isa = PBXSourcesBuildPhase;
			buildActionMask = 2147483647;
			files = (
				328482452660626A006FBB26 /* NavView.swift in Sources */,
				328482372660593C006FBB26 /* ContentView.swift in Sources */,
				327C70952661C15B001901D6 /* Person.swift in Sources */,
				328482352660593C006FBB26 /* InstaApp.swift in Sources */,
				32CB8D772662E4B700D84810 /* CommentSectionView.swift in Sources */,
				3248C6F12662A4FA001CF4E5 /* FeedView.swift in Sources */,
				3248C6EE266299F9001CF4E5 /* ThumbView.swift in Sources */,
			);
			runOnlyForDeploymentPostprocessing = 0;
		};
/* End PBXSourcesBuildPhase section */

/* Begin XCBuildConfiguration section */
		3284823E2660593D006FBB26 /* Debug */ = {
			isa = XCBuildConfiguration;
			buildSettings = {
				ALWAYS_SEARCH_USER_PATHS = NO;
				CLANG_ANALYZER_NONNULL = YES;
				CLANG_ANALYZER_NUMBER_OBJECT_CONVERSION = YES_AGGRESSIVE;
				CLANG_CXX_LANGUAGE_STANDARD = "gnu++14";
				CLANG_CXX_LIBRARY = "libc++";
				CLANG_ENABLE_MODULES = YES;
				CLANG_ENABLE_OBJC_ARC = YES;
				CLANG_ENABLE_OBJC_WEAK = YES;
				CLANG_WARN_BLOCK_CAPTURE_AUTORELEASING = YES;
				CLANG_WARN_BOOL_CONVERSION = YES;
				CLANG_WARN_COMMA = YES;
				CLANG_WARN_CONSTANT_CONVERSION = YES;
				CLANG_WARN_DEPRECATED_OBJC_IMPLEMENTATIONS = YES;
				CLANG_WARN_DIRECT_OBJC_ISA_USAGE = YES_ERROR;
				CLANG_WARN_DOCUMENTATION_COMMENTS = YES;
				CLANG_WARN_EMPTY_BODY = YES;
				CLANG_WARN_ENUM_CONVERSION = YES;
				CLANG_WARN_INFINITE_RECURSION = YES;
				CLANG_WARN_INT_CONVERSION = YES;
				CLANG_WARN_NON_LITERAL_NULL_CONVERSION = YES;
				CLANG_WARN_OBJC_IMPLICIT_RETAIN_SELF = YES;
				CLANG_WARN_OBJC_LITERAL_CONVERSION = YES;
				CLANG_WARN_OBJC_ROOT_CLASS = YES_ERROR;
				CLANG_WARN_QUOTED_INCLUDE_IN_FRAMEWORK_HEADER = YES;
				CLANG_WARN_RANGE_LOOP_ANALYSIS = YES;
				CLANG_WARN_STRICT_PROTOTYPES = YES;
				CLANG_WARN_SUSPICIOUS_MOVE = YES;
				CLANG_WARN_UNGUARDED_AVAILABILITY = YES_AGGRESSIVE;
				CLANG_WARN_UNREACHABLE_CODE = YES;
				CLANG_WARN__DUPLICATE_METHOD_MATCH = YES;
				COPY_PHASE_STRIP = NO;
				DEBUG_INFORMATION_FORMAT = dwarf;
				ENABLE_STRICT_OBJC_MSGSEND = YES;
				ENABLE_TESTABILITY = YES;
				GCC_C_LANGUAGE_STANDARD = gnu11;
				GCC_DYNAMIC_NO_PIC = NO;
				GCC_NO_COMMON_BLOCKS = YES;
				GCC_OPTIMIZATION_LEVEL = 0;
				GCC_PREPROCESSOR_DEFINITIONS = (
					"DEBUG=1",
					"$(inherited)",
				);
				GCC_WARN_64_TO_32_BIT_CONVERSION = YES;
				GCC_WARN_ABOUT_RETURN_TYPE = YES_ERROR;
				GCC_WARN_UNDECLARED_SELECTOR = YES;
				GCC_WARN_UNINITIALIZED_AUTOS = YES_AGGRESSIVE;
				GCC_WARN_UNUSED_FUNCTION = YES;
				GCC_WARN_UNUSED_VARIABLE = YES;
				IPHONEOS_DEPLOYMENT_TARGET = 14.5;
				MTL_ENABLE_DEBUG_INFO = INCLUDE_SOURCE;
				MTL_FAST_MATH = YES;
				ONLY_ACTIVE_ARCH = YES;
				SDKROOT = iphoneos;
				SWIFT_ACTIVE_COMPILATION_CONDITIONS = DEBUG;
				SWIFT_OPTIMIZATION_LEVEL = "-Onone";
			};
			name = Debug;
		};
		3284823F2660593D006FBB26 /* Release */ = {
			isa = XCBuildConfiguration;
			buildSettings = {
				ALWAYS_SEARCH_USER_PATHS = NO;
				CLANG_ANALYZER_NONNULL = YES;
				CLANG_ANALYZER_NUMBER_OBJECT_CONVERSION = YES_AGGRESSIVE;
				CLANG_CXX_LANGUAGE_STANDARD = "gnu++14";
				CLANG_CXX_LIBRARY = "libc++";
				CLANG_ENABLE_MODULES = YES;
				CLANG_ENABLE_OBJC_ARC = YES;
				CLANG_ENABLE_OBJC_WEAK = YES;
				CLANG_WARN_BLOCK_CAPTURE_AUTORELEASING = YES;
				CLANG_WARN_BOOL_CONVERSION = YES;
				CLANG_WARN_COMMA = YES;
				CLANG_WARN_CONSTANT_CONVERSION = YES;
				CLANG_WARN_DEPRECATED_OBJC_IMPLEMENTATIONS = YES;
				CLANG_WARN_DIRECT_OBJC_ISA_USAGE = YES_ERROR;
				CLANG_WARN_DOCUMENTATION_COMMENTS = YES;
				CLANG_WARN_EMPTY_BODY = YES;
				CLANG_WARN_ENUM_CONVERSION = YES;
				CLANG_WARN_INFINITE_RECURSION = YES;
				CLANG_WARN_INT_CONVERSION = YES;
				CLANG_WARN_NON_LITERAL_NULL_CONVERSION = YES;
				CLANG_WARN_OBJC_IMPLICIT_RETAIN_SELF = YES;
				CLANG_WARN_OBJC_LITERAL_CONVERSION = YES;
				CLANG_WARN_OBJC_ROOT_CLASS = YES_ERROR;
				CLANG_WARN_QUOTED_INCLUDE_IN_FRAMEWORK_HEADER = YES;
				CLANG_WARN_RANGE_LOOP_ANALYSIS = YES;
				CLANG_WARN_STRICT_PROTOTYPES = YES;
				CLANG_WARN_SUSPICIOUS_MOVE = YES;
				CLANG_WARN_UNGUARDED_AVAILABILITY = YES_AGGRESSIVE;
				CLANG_WARN_UNREACHABLE_CODE = YES;
				CLANG_WARN__DUPLICATE_METHOD_MATCH = YES;
				COPY_PHASE_STRIP = NO;
				DEBUG_INFORMATION_FORMAT = "dwarf-with-dsym";
				ENABLE_NS_ASSERTIONS = NO;
				ENABLE_STRICT_OBJC_MSGSEND = YES;
				GCC_C_LANGUAGE_STANDARD = gnu11;
				GCC_NO_COMMON_BLOCKS = YES;
				GCC_WARN_64_TO_32_BIT_CONVERSION = YES;
				GCC_WARN_ABOUT_RETURN_TYPE = YES_ERROR;
				GCC_WARN_UNDECLARED_SELECTOR = YES;
				GCC_WARN_UNINITIALIZED_AUTOS = YES_AGGRESSIVE;
				GCC_WARN_UNUSED_FUNCTION = YES;
				GCC_WARN_UNUSED_VARIABLE = YES;
				IPHONEOS_DEPLOYMENT_TARGET = 14.5;
				MTL_ENABLE_DEBUG_INFO = NO;
				MTL_FAST_MATH = YES;
				SDKROOT = iphoneos;
				SWIFT_COMPILATION_MODE = wholemodule;
				SWIFT_OPTIMIZATION_LEVEL = "-O";
				VALIDATE_PRODUCT = YES;
			};
			name = Release;
		};
		328482412660593D006FBB26 /* Debug */ = {
			isa = XCBuildConfiguration;
			buildSettings = {
				ASSETCATALOG_COMPILER_APPICON_NAME = AppIcon;
				ASSETCATALOG_COMPILER_GLOBAL_ACCENT_COLOR_NAME = AccentColor;
				CODE_SIGN_STYLE = Automatic;
				DEVELOPMENT_ASSET_PATHS = "\"Insta/Preview Content\"";
				DEVELOPMENT_TEAM = P4H97RMZ67;
				ENABLE_PREVIEWS = YES;
				INFOPLIST_FILE = Insta/Info.plist;
				IPHONEOS_DEPLOYMENT_TARGET = 14.0;
				LD_RUNPATH_SEARCH_PATHS = (
					"$(inherited)",
					"@executable_path/Frameworks",
				);
				PRODUCT_BUNDLE_IDENTIFIER = com.todimuj.Insta;
				PRODUCT_NAME = "$(TARGET_NAME)";
				SWIFT_VERSION = 5.0;
				TARGETED_DEVICE_FAMILY = "1,2";
			};
			name = Debug;
		};
		328482422660593D006FBB26 /* Release */ = {
			isa = XCBuildConfiguration;
			buildSettings = {
				ASSETCATALOG_COMPILER_APPICON_NAME = AppIcon;
				ASSETCATALOG_COMPILER_GLOBAL_ACCENT_COLOR_NAME = AccentColor;
				CODE_SIGN_STYLE = Automatic;
				DEVELOPMENT_ASSET_PATHS = "\"Insta/Preview Content\"";
				DEVELOPMENT_TEAM = P4H97RMZ67;
				ENABLE_PREVIEWS = YES;
				INFOPLIST_FILE = Insta/Info.plist;
				IPHONEOS_DEPLOYMENT_TARGET = 14.0;
				LD_RUNPATH_SEARCH_PATHS = (
					"$(inherited)",
					"@executable_path/Frameworks",
				);
				PRODUCT_BUNDLE_IDENTIFIER = com.todimuj.Insta;
				PRODUCT_NAME = "$(TARGET_NAME)";
				SWIFT_VERSION = 5.0;
				TARGETED_DEVICE_FAMILY = "1,2";
			};
			name = Release;
		};
/* End XCBuildConfiguration section */

/* Begin XCConfigurationList section */
		3284822C2660593C006FBB26 /* Build configuration list for PBXProject "Insta" */ = {
			isa = XCConfigurationList;
			buildConfigurations = (
				3284823E2660593D006FBB26 /* Debug */,
				3284823F2660593D006FBB26 /* Release */,
			);
			defaultConfigurationIsVisible = 0;
			defaultConfigurationName = Release;
		};
		328482402660593D006FBB26 /* Build configuration list for PBXNativeTarget "Insta" */ = {
			isa = XCConfigurationList;
			buildConfigurations = (
				328482412660593D006FBB26 /* Debug */,
				328482422660593D006FBB26 /* Release */,
			);
			defaultConfigurationIsVisible = 0;
			defaultConfigurationName = Release;
		};
/* End XCConfigurationList section */
	};
	rootObject = 328482292660593C006FBB26 /* Project object */;
}
