// !$*UTF8*$!
{
	archiveVersion = 1;
	classes = {
	};
	objectVersion = 55;
	objects = {

/* Begin PBXBuildFile section */
		32C160A82895958600C855FD /* Wallet1App.swift in Sources */ = {isa = PBXBuildFile; fileRef = 32C160A72895958600C855FD /* Wallet1App.swift */; };
		32C160AA2895958600C855FD /* ContentView.swift in Sources */ = {isa = PBXBuildFile; fileRef = 32C160A92895958600C855FD /* ContentView.swift */; };
		32C160AC2895958700C855FD /* Assets.xcassets in Resources */ = {isa = PBXBuildFile; fileRef = 32C160AB2895958700C855FD /* Assets.xcassets */; };
		32C160AF2895958700C855FD /* Preview Assets.xcassets in Resources */ = {isa = PBXBuildFile; fileRef = 32C160AE2895958700C855FD /* Preview Assets.xcassets */; };
		32C160B62895978700C855FD /* CardView.swift in Sources */ = {isa = PBXBuildFile; fileRef = 32C160B52895978700C855FD /* CardView.swift */; };
		32C160B92895C5B400C855FD /* CardTransactionView.swift in Sources */ = {isa = PBXBuildFile; fileRef = 32C160B82895C5B400C855FD /* CardTransactionView.swift */; };
		32C160BB2895DF3900C855FD /* SelectedCard.swift in Sources */ = {isa = PBXBuildFile; fileRef = 32C160BA2895DF3900C855FD /* SelectedCard.swift */; };
		32C160BD2895E03000C855FD /* Trend.swift in Sources */ = {isa = PBXBuildFile; fileRef = 32C160BC2895E03000C855FD /* Trend.swift */; };
		32C160BF2895E04300C855FD /* Wallet.swift in Sources */ = {isa = PBXBuildFile; fileRef = 32C160BE2895E04300C855FD /* Wallet.swift */; };
		32C160C12895E05200C855FD /* Profile.swift in Sources */ = {isa = PBXBuildFile; fileRef = 32C160C02895E05200C855FD /* Profile.swift */; };
		32C160C42895E13500C855FD /* Transactions.swift in Sources */ = {isa = PBXBuildFile; fileRef = 32C160C32895E13500C855FD /* Transactions.swift */; };
		32C160C62895E22600C855FD /* TransactionRow.swift in Sources */ = {isa = PBXBuildFile; fileRef = 32C160C52895E22600C855FD /* TransactionRow.swift */; };
		32C160C82895EAE900C855FD /* CardType.swift in Sources */ = {isa = PBXBuildFile; fileRef = 32C160C72895EAE900C855FD /* CardType.swift */; };
		32C160CA2895EC0000C855FD /* CardList.swift in Sources */ = {isa = PBXBuildFile; fileRef = 32C160C92895EC0000C855FD /* CardList.swift */; };
/* End PBXBuildFile section */

/* Begin PBXFileReference section */
		32C160A42895958600C855FD /* Wallet1.app */ = {isa = PBXFileReference; explicitFileType = wrapper.application; includeInIndex = 0; path = Wallet1.app; sourceTree = BUILT_PRODUCTS_DIR; };
		32C160A72895958600C855FD /* Wallet1App.swift */ = {isa = PBXFileReference; lastKnownFileType = sourcecode.swift; path = Wallet1App.swift; sourceTree = "<group>"; };
		32C160A92895958600C855FD /* ContentView.swift */ = {isa = PBXFileReference; lastKnownFileType = sourcecode.swift; path = ContentView.swift; sourceTree = "<group>"; };
		32C160AB2895958700C855FD /* Assets.xcassets */ = {isa = PBXFileReference; lastKnownFileType = folder.assetcatalog; path = Assets.xcassets; sourceTree = "<group>"; };
		32C160AE2895958700C855FD /* Preview Assets.xcassets */ = {isa = PBXFileReference; lastKnownFileType = folder.assetcatalog; path = "Preview Assets.xcassets"; sourceTree = "<group>"; };
		32C160B52895978700C855FD /* CardView.swift */ = {isa = PBXFileReference; lastKnownFileType = sourcecode.swift; path = CardView.swift; sourceTree = "<group>"; };
		32C160B82895C5B400C855FD /* CardTransactionView.swift */ = {isa = PBXFileReference; lastKnownFileType = sourcecode.swift; path = CardTransactionView.swift; sourceTree = "<group>"; };
		32C160BA2895DF3900C855FD /* SelectedCard.swift */ = {isa = PBXFileReference; lastKnownFileType = sourcecode.swift; path = SelectedCard.swift; sourceTree = "<group>"; };
		32C160BC2895E03000C855FD /* Trend.swift */ = {isa = PBXFileReference; lastKnownFileType = sourcecode.swift; path = Trend.swift; sourceTree = "<group>"; };
		32C160BE2895E04300C855FD /* Wallet.swift */ = {isa = PBXFileReference; lastKnownFileType = sourcecode.swift; path = Wallet.swift; sourceTree = "<group>"; };
		32C160C02895E05200C855FD /* Profile.swift */ = {isa = PBXFileReference; lastKnownFileType = sourcecode.swift; path = Profile.swift; sourceTree = "<group>"; };
		32C160C32895E13500C855FD /* Transactions.swift */ = {isa = PBXFileReference; lastKnownFileType = sourcecode.swift; path = Transactions.swift; sourceTree = "<group>"; };
		32C160C52895E22600C855FD /* TransactionRow.swift */ = {isa = PBXFileReference; lastKnownFileType = sourcecode.swift; path = TransactionRow.swift; sourceTree = "<group>"; };
		32C160C72895EAE900C855FD /* CardType.swift */ = {isa = PBXFileReference; lastKnownFileType = sourcecode.swift; path = CardType.swift; sourceTree = "<group>"; };
		32C160C92895EC0000C855FD /* CardList.swift */ = {isa = PBXFileReference; lastKnownFileType = sourcecode.swift; path = CardList.swift; sourceTree = "<group>"; };
/* End PBXFileReference section */

/* Begin PBXFrameworksBuildPhase section */
		32C160A12895958600C855FD /* Frameworks */ = {
			isa = PBXFrameworksBuildPhase;
			buildActionMask = 2147483647;
			files = (
			);
			runOnlyForDeploymentPostprocessing = 0;
		};
/* End PBXFrameworksBuildPhase section */

/* Begin PBXGroup section */
		32C1609B2895958600C855FD = {
			isa = PBXGroup;
			children = (
				32C160A62895958600C855FD /* Wallet1 */,
				32C160A52895958600C855FD /* Products */,
			);
			sourceTree = "<group>";
		};
		32C160A52895958600C855FD /* Products */ = {
			isa = PBXGroup;
			children = (
				32C160A42895958600C855FD /* Wallet1.app */,
			);
			name = Products;
			sourceTree = "<group>";
		};
		32C160A62895958600C855FD /* Wallet1 */ = {
			isa = PBXGroup;
			children = (
				32C160C22895E12300C855FD /* Models */,
				32C160B72895979600C855FD /* Views */,
				32C160A72895958600C855FD /* Wallet1App.swift */,
				32C160AB2895958700C855FD /* Assets.xcassets */,
				32C160AD2895958700C855FD /* Preview Content */,
			);
			path = Wallet1;
			sourceTree = "<group>";
		};
		32C160AD2895958700C855FD /* Preview Content */ = {
			isa = PBXGroup;
			children = (
				32C160AE2895958700C855FD /* Preview Assets.xcassets */,
			);
			path = "Preview Content";
			sourceTree = "<group>";
		};
		32C160B72895979600C855FD /* Views */ = {
			isa = PBXGroup;
			children = (
				32C160B52895978700C855FD /* CardView.swift */,
				32C160A92895958600C855FD /* ContentView.swift */,
				32C160B82895C5B400C855FD /* CardTransactionView.swift */,
				32C160BA2895DF3900C855FD /* SelectedCard.swift */,
				32C160BC2895E03000C855FD /* Trend.swift */,
				32C160BE2895E04300C855FD /* Wallet.swift */,
				32C160C02895E05200C855FD /* Profile.swift */,
				32C160C52895E22600C855FD /* TransactionRow.swift */,
				32C160C92895EC0000C855FD /* CardList.swift */,
			);
			path = Views;
			sourceTree = "<group>";
		};
		32C160C22895E12300C855FD /* Models */ = {
			isa = PBXGroup;
			children = (
				32C160C32895E13500C855FD /* Transactions.swift */,
				32C160C72895EAE900C855FD /* CardType.swift */,
			);
			path = Models;
			sourceTree = "<group>";
		};
/* End PBXGroup section */

/* Begin PBXNativeTarget section */
		32C160A32895958600C855FD /* Wallet1 */ = {
			isa = PBXNativeTarget;
			buildConfigurationList = 32C160B22895958700C855FD /* Build configuration list for PBXNativeTarget "Wallet1" */;
			buildPhases = (
				32C160A02895958600C855FD /* Sources */,
				32C160A12895958600C855FD /* Frameworks */,
				32C160A22895958600C855FD /* Resources */,
			);
			buildRules = (
			);
			dependencies = (
			);
			name = Wallet1;
			productName = Wallet1;
			productReference = 32C160A42895958600C855FD /* Wallet1.app */;
			productType = "com.apple.product-type.application";
		};
/* End PBXNativeTarget section */

/* Begin PBXProject section */
		32C1609C2895958600C855FD /* Project object */ = {
			isa = PBXProject;
			attributes = {
				BuildIndependentTargetsInParallel = 1;
				LastSwiftUpdateCheck = 1340;
				LastUpgradeCheck = 1340;
				TargetAttributes = {
					32C160A32895958600C855FD = {
						CreatedOnToolsVersion = 13.4.1;
					};
				};
			};
			buildConfigurationList = 32C1609F2895958600C855FD /* Build configuration list for PBXProject "Wallet1" */;
			compatibilityVersion = "Xcode 13.0";
			developmentRegion = en;
			hasScannedForEncodings = 0;
			knownRegions = (
				en,
				Base,
			);
			mainGroup = 32C1609B2895958600C855FD;
			productRefGroup = 32C160A52895958600C855FD /* Products */;
			projectDirPath = "";
			projectRoot = "";
			targets = (
				32C160A32895958600C855FD /* Wallet1 */,
			);
		};
/* End PBXProject section */

/* Begin PBXResourcesBuildPhase section */
		32C160A22895958600C855FD /* Resources */ = {
			isa = PBXResourcesBuildPhase;
			buildActionMask = 2147483647;
			files = (
				32C160AF2895958700C855FD /* Preview Assets.xcassets in Resources */,
				32C160AC2895958700C855FD /* Assets.xcassets in Resources */,
			);
			runOnlyForDeploymentPostprocessing = 0;
		};
/* End PBXResourcesBuildPhase section */

/* Begin PBXSourcesBuildPhase section */
		32C160A02895958600C855FD /* Sources */ = {
			isa = PBXSourcesBuildPhase;
			buildActionMask = 2147483647;
			files = (
				32C160AA2895958600C855FD /* ContentView.swift in Sources */,
				32C160C12895E05200C855FD /* Profile.swift in Sources */,
				32C160BF2895E04300C855FD /* Wallet.swift in Sources */,
				32C160B62895978700C855FD /* CardView.swift in Sources */,
				32C160A82895958600C855FD /* Wallet1App.swift in Sources */,
				32C160C62895E22600C855FD /* TransactionRow.swift in Sources */,
				32C160BB2895DF3900C855FD /* SelectedCard.swift in Sources */,
				32C160CA2895EC0000C855FD /* CardList.swift in Sources */,
				32C160C42895E13500C855FD /* Transactions.swift in Sources */,
				32C160B92895C5B400C855FD /* CardTransactionView.swift in Sources */,
				32C160C82895EAE900C855FD /* CardType.swift in Sources */,
				32C160BD2895E03000C855FD /* Trend.swift in Sources */,
			);
			runOnlyForDeploymentPostprocessing = 0;
		};
/* End PBXSourcesBuildPhase section */

/* Begin XCBuildConfiguration section */
		32C160B02895958700C855FD /* Debug */ = {
			isa = XCBuildConfiguration;
			buildSettings = {
				ALWAYS_SEARCH_USER_PATHS = NO;
				CLANG_ANALYZER_NONNULL = YES;
				CLANG_ANALYZER_NUMBER_OBJECT_CONVERSION = YES_AGGRESSIVE;
				CLANG_CXX_LANGUAGE_STANDARD = "gnu++17";
				CLANG_ENABLE_MODULES = YES;
				CLANG_ENABLE_OBJC_ARC = YES;
				CLANG_ENABLE_OBJC_WEAK = YES;
				CLANG_WARN_BLOCK_CAPTURE_AUTORELEASING = YES;
				CLANG_WARN_BOOL_CONVERSION = YES;
				CLANG_WARN_COMMA = YES;
				CLANG_WARN_CONSTANT_CONVERSION = YES;
				CLANG_WARN_DEPRECATED_OBJC_IMPLEMENTATIONS = YES;
				CLANG_WARN_DIRECT_OBJC_ISA_USAGE = YES_ERROR;
				CLANG_WARN_DOCUMENTATION_COMMENTS = YES;
				CLANG_WARN_EMPTY_BODY = YES;
				CLANG_WARN_ENUM_CONVERSION = YES;
				CLANG_WARN_INFINITE_RECURSION = YES;
				CLANG_WARN_INT_CONVERSION = YES;
				CLANG_WARN_NON_LITERAL_NULL_CONVERSION = YES;
				CLANG_WARN_OBJC_IMPLICIT_RETAIN_SELF = YES;
				CLANG_WARN_OBJC_LITERAL_CONVERSION = YES;
				CLANG_WARN_OBJC_ROOT_CLASS = YES_ERROR;
				CLANG_WARN_QUOTED_INCLUDE_IN_FRAMEWORK_HEADER = YES;
				CLANG_WARN_RANGE_LOOP_ANALYSIS = YES;
				CLANG_WARN_STRICT_PROTOTYPES = YES;
				CLANG_WARN_SUSPICIOUS_MOVE = YES;
				CLANG_WARN_UNGUARDED_AVAILABILITY = YES_AGGRESSIVE;
				CLANG_WARN_UNREACHABLE_CODE = YES;
				CLANG_WARN__DUPLICATE_METHOD_MATCH = YES;
				COPY_PHASE_STRIP = NO;
				DEBUG_INFORMATION_FORMAT = dwarf;
				ENABLE_STRICT_OBJC_MSGSEND = YES;
				ENABLE_TESTABILITY = YES;
				GCC_C_LANGUAGE_STANDARD = gnu11;
				GCC_DYNAMIC_NO_PIC = NO;
				GCC_NO_COMMON_BLOCKS = YES;
				GCC_OPTIMIZATION_LEVEL = 0;
				GCC_PREPROCESSOR_DEFINITIONS = (
					"DEBUG=1",
					"$(inherited)",
				);
				GCC_WARN_64_TO_32_BIT_CONVERSION = YES;
				GCC_WARN_ABOUT_RETURN_TYPE = YES_ERROR;
				GCC_WARN_UNDECLARED_SELECTOR = YES;
				GCC_WARN_UNINITIALIZED_AUTOS = YES_AGGRESSIVE;
				GCC_WARN_UNUSED_FUNCTION = YES;
				GCC_WARN_UNUSED_VARIABLE = YES;
				IPHONEOS_DEPLOYMENT_TARGET = 15.5;
				MTL_ENABLE_DEBUG_INFO = INCLUDE_SOURCE;
				MTL_FAST_MATH = YES;
				ONLY_ACTIVE_ARCH = YES;
				SDKROOT = iphoneos;
				SWIFT_ACTIVE_COMPILATION_CONDITIONS = DEBUG;
				SWIFT_OPTIMIZATION_LEVEL = "-Onone";
			};
			name = Debug;
		};
		32C160B12895958700C855FD /* Release */ = {
			isa = XCBuildConfiguration;
			buildSettings = {
				ALWAYS_SEARCH_USER_PATHS = NO;
				CLANG_ANALYZER_NONNULL = YES;
				CLANG_ANALYZER_NUMBER_OBJECT_CONVERSION = YES_AGGRESSIVE;
				CLANG_CXX_LANGUAGE_STANDARD = "gnu++17";
				CLANG_ENABLE_MODULES = YES;
				CLANG_ENABLE_OBJC_ARC = YES;
				CLANG_ENABLE_OBJC_WEAK = YES;
				CLANG_WARN_BLOCK_CAPTURE_AUTORELEASING = YES;
				CLANG_WARN_BOOL_CONVERSION = YES;
				CLANG_WARN_COMMA = YES;
				CLANG_WARN_CONSTANT_CONVERSION = YES;
				CLANG_WARN_DEPRECATED_OBJC_IMPLEMENTATIONS = YES;
				CLANG_WARN_DIRECT_OBJC_ISA_USAGE = YES_ERROR;
				CLANG_WARN_DOCUMENTATION_COMMENTS = YES;
				CLANG_WARN_EMPTY_BODY = YES;
				CLANG_WARN_ENUM_CONVERSION = YES;
				CLANG_WARN_INFINITE_RECURSION = YES;
				CLANG_WARN_INT_CONVERSION = YES;
				CLANG_WARN_NON_LITERAL_NULL_CONVERSION = YES;
				CLANG_WARN_OBJC_IMPLICIT_RETAIN_SELF = YES;
				CLANG_WARN_OBJC_LITERAL_CONVERSION = YES;
				CLANG_WARN_OBJC_ROOT_CLASS = YES_ERROR;
				CLANG_WARN_QUOTED_INCLUDE_IN_FRAMEWORK_HEADER = YES;
				CLANG_WARN_RANGE_LOOP_ANALYSIS = YES;
				CLANG_WARN_STRICT_PROTOTYPES = YES;
				CLANG_WARN_SUSPICIOUS_MOVE = YES;
				CLANG_WARN_UNGUARDED_AVAILABILITY = YES_AGGRESSIVE;
				CLANG_WARN_UNREACHABLE_CODE = YES;
				CLANG_WARN__DUPLICATE_METHOD_MATCH = YES;
				COPY_PHASE_STRIP = NO;
				DEBUG_INFORMATION_FORMAT = "dwarf-with-dsym";
				ENABLE_NS_ASSERTIONS = NO;
				ENABLE_STRICT_OBJC_MSGSEND = YES;
				GCC_C_LANGUAGE_STANDARD = gnu11;
				GCC_NO_COMMON_BLOCKS = YES;
				GCC_WARN_64_TO_32_BIT_CONVERSION = YES;
				GCC_WARN_ABOUT_RETURN_TYPE = YES_ERROR;
				GCC_WARN_UNDECLARED_SELECTOR = YES;
				GCC_WARN_UNINITIALIZED_AUTOS = YES_AGGRESSIVE;
				GCC_WARN_UNUSED_FUNCTION = YES;
				GCC_WARN_UNUSED_VARIABLE = YES;
				IPHONEOS_DEPLOYMENT_TARGET = 15.5;
				MTL_ENABLE_DEBUG_INFO = NO;
				MTL_FAST_MATH = YES;
				SDKROOT = iphoneos;
				SWIFT_COMPILATION_MODE = wholemodule;
				SWIFT_OPTIMIZATION_LEVEL = "-O";
				VALIDATE_PRODUCT = YES;
			};
			name = Release;
		};
		32C160B32895958700C855FD /* Debug */ = {
			isa = XCBuildConfiguration;
			buildSettings = {
				ASSETCATALOG_COMPILER_APPICON_NAME = AppIcon;
				ASSETCATALOG_COMPILER_GLOBAL_ACCENT_COLOR_NAME = AccentColor;
				CODE_SIGN_STYLE = Automatic;
				CURRENT_PROJECT_VERSION = 1;
				DEVELOPMENT_ASSET_PATHS = "\"Wallet1/Preview Content\"";
				DEVELOPMENT_TEAM = P4H97RMZ67;
				ENABLE_PREVIEWS = YES;
				GENERATE_INFOPLIST_FILE = YES;
				INFOPLIST_KEY_UIApplicationSceneManifest_Generation = YES;
				INFOPLIST_KEY_UIApplicationSupportsIndirectInputEvents = YES;
				INFOPLIST_KEY_UILaunchScreen_Generation = YES;
				INFOPLIST_KEY_UISupportedInterfaceOrientations_iPad = "UIInterfaceOrientationPortrait UIInterfaceOrientationPortraitUpsideDown UIInterfaceOrientationLandscapeLeft UIInterfaceOrientationLandscapeRight";
				INFOPLIST_KEY_UISupportedInterfaceOrientations_iPhone = "UIInterfaceOrientationPortrait UIInterfaceOrientationLandscapeLeft UIInterfaceOrientationLandscapeRight";
				LD_RUNPATH_SEARCH_PATHS = (
					"$(inherited)",
					"@executable_path/Frameworks",
				);
				MARKETING_VERSION = 1.0;
				PRODUCT_BUNDLE_IDENTIFIER = com.todimu.Wallet1;
				PRODUCT_NAME = "$(TARGET_NAME)";
				SWIFT_EMIT_LOC_STRINGS = YES;
				SWIFT_VERSION = 5.0;
				TARGETED_DEVICE_FAMILY = "1,2";
			};
			name = Debug;
		};
		32C160B42895958700C855FD /* Release */ = {
			isa = XCBuildConfiguration;
			buildSettings = {
				ASSETCATALOG_COMPILER_APPICON_NAME = AppIcon;
				ASSETCATALOG_COMPILER_GLOBAL_ACCENT_COLOR_NAME = AccentColor;
				CODE_SIGN_STYLE = Automatic;
				CURRENT_PROJECT_VERSION = 1;
				DEVELOPMENT_ASSET_PATHS = "\"Wallet1/Preview Content\"";
				DEVELOPMENT_TEAM = P4H97RMZ67;
				ENABLE_PREVIEWS = YES;
				GENERATE_INFOPLIST_FILE = YES;
				INFOPLIST_KEY_UIApplicationSceneManifest_Generation = YES;
				INFOPLIST_KEY_UIApplicationSupportsIndirectInputEvents = YES;
				INFOPLIST_KEY_UILaunchScreen_Generation = YES;
				INFOPLIST_KEY_UISupportedInterfaceOrientations_iPad = "UIInterfaceOrientationPortrait UIInterfaceOrientationPortraitUpsideDown UIInterfaceOrientationLandscapeLeft UIInterfaceOrientationLandscapeRight";
				INFOPLIST_KEY_UISupportedInterfaceOrientations_iPhone = "UIInterfaceOrientationPortrait UIInterfaceOrientationLandscapeLeft UIInterfaceOrientationLandscapeRight";
				LD_RUNPATH_SEARCH_PATHS = (
					"$(inherited)",
					"@executable_path/Frameworks",
				);
				MARKETING_VERSION = 1.0;
				PRODUCT_BUNDLE_IDENTIFIER = com.todimu.Wallet1;
				PRODUCT_NAME = "$(TARGET_NAME)";
				SWIFT_EMIT_LOC_STRINGS = YES;
				SWIFT_VERSION = 5.0;
				TARGETED_DEVICE_FAMILY = "1,2";
			};
			name = Release;
		};
/* End XCBuildConfiguration section */

/* Begin XCConfigurationList section */
		32C1609F2895958600C855FD /* Build configuration list for PBXProject "Wallet1" */ = {
			isa = XCConfigurationList;
			buildConfigurations = (
				32C160B02895958700C855FD /* Debug */,
				32C160B12895958700C855FD /* Release */,
			);
			defaultConfigurationIsVisible = 0;
			defaultConfigurationName = Release;
		};
		32C160B22895958700C855FD /* Build configuration list for PBXNativeTarget "Wallet1" */ = {
			isa = XCConfigurationList;
			buildConfigurations = (
				32C160B32895958700C855FD /* Debug */,
				32C160B42895958700C855FD /* Release */,
			);
			defaultConfigurationIsVisible = 0;
			defaultConfigurationName = Release;
		};
/* End XCConfigurationList section */
	};
	rootObject = 32C1609C2895958600C855FD /* Project object */;
}
