// !$*UTF8*$!
{
	archiveVersion = 1;
	classes = {
	};
	objectVersion = 50;
	objects = {

/* Begin PBXBuildFile section */
		3230B0D92646D37800575E3C /* WorldView.swift in Sources */ = {isa = PBXBuildFile; fileRef = 3230B0D82646D37800575E3C /* WorldView.swift */; };
		3230B0DB2648450B00575E3C /* Tip.swift in Sources */ = {isa = PBXBuildFile; fileRef = 3230B0DA2648450B00575E3C /* Tip.swift */; };
		3230B0DD264846C700575E3C /* TipsView.swift in Sources */ = {isa = PBXBuildFile; fileRef = 3230B0DC264846C700575E3C /* TipsView.swift */; };
		327C7E16264594A500C77C48 /* TourApp.swift in Sources */ = {isa = PBXBuildFile; fileRef = 327C7E15264594A500C77C48 /* TourApp.swift */; };
		327C7E18264594A500C77C48 /* ContentView.swift in Sources */ = {isa = PBXBuildFile; fileRef = 327C7E17264594A500C77C48 /* ContentView.swift */; };
		327C7E1A264594A800C77C48 /* Assets.xcassets in Resources */ = {isa = PBXBuildFile; fileRef = 327C7E19264594A800C77C48 /* Assets.xcassets */; };
		327C7E1D264594A800C77C48 /* Preview Assets.xcassets in Resources */ = {isa = PBXBuildFile; fileRef = 327C7E1C264594A800C77C48 /* Preview Assets.xcassets */; };
		327C7E26264599E300C77C48 /* locations.json in Resources */ = {isa = PBXBuildFile; fileRef = 327C7E24264599E300C77C48 /* locations.json */; };
		327C7E27264599E300C77C48 /* tips.json in Resources */ = {isa = PBXBuildFile; fileRef = 327C7E25264599E300C77C48 /* tips.json */; };
		327C7E292645DE7C00C77C48 /* Location.swift in Sources */ = {isa = PBXBuildFile; fileRef = 327C7E282645DE7C00C77C48 /* Location.swift */; };
		327C7E2B2645F46400C77C48 /* Locations.swift in Sources */ = {isa = PBXBuildFile; fileRef = 327C7E2A2645F46400C77C48 /* Locations.swift */; };
/* End PBXBuildFile section */

/* Begin PBXFileReference section */
		3230B0D82646D37800575E3C /* WorldView.swift */ = {isa = PBXFileReference; lastKnownFileType = sourcecode.swift; path = WorldView.swift; sourceTree = "<group>"; };
		3230B0DA2648450B00575E3C /* Tip.swift */ = {isa = PBXFileReference; lastKnownFileType = sourcecode.swift; path = Tip.swift; sourceTree = "<group>"; };
		3230B0DC264846C700575E3C /* TipsView.swift */ = {isa = PBXFileReference; lastKnownFileType = sourcecode.swift; path = TipsView.swift; sourceTree = "<group>"; };
		327C7E12264594A500C77C48 /* Tour.app */ = {isa = PBXFileReference; explicitFileType = wrapper.application; includeInIndex = 0; path = Tour.app; sourceTree = BUILT_PRODUCTS_DIR; };
		327C7E15264594A500C77C48 /* TourApp.swift */ = {isa = PBXFileReference; lastKnownFileType = sourcecode.swift; path = TourApp.swift; sourceTree = "<group>"; };
		327C7E17264594A500C77C48 /* ContentView.swift */ = {isa = PBXFileReference; lastKnownFileType = sourcecode.swift; path = ContentView.swift; sourceTree = "<group>"; };
		327C7E19264594A800C77C48 /* Assets.xcassets */ = {isa = PBXFileReference; lastKnownFileType = folder.assetcatalog; path = Assets.xcassets; sourceTree = "<group>"; };
		327C7E1C264594A800C77C48 /* Preview Assets.xcassets */ = {isa = PBXFileReference; lastKnownFileType = folder.assetcatalog; path = "Preview Assets.xcassets"; sourceTree = "<group>"; };
		327C7E1E264594A800C77C48 /* Info.plist */ = {isa = PBXFileReference; lastKnownFileType = text.plist.xml; path = Info.plist; sourceTree = "<group>"; };
		327C7E24264599E300C77C48 /* locations.json */ = {isa = PBXFileReference; fileEncoding = 4; lastKnownFileType = text.json; path = locations.json; sourceTree = "<group>"; };
		327C7E25264599E300C77C48 /* tips.json */ = {isa = PBXFileReference; fileEncoding = 4; lastKnownFileType = text.json; path = tips.json; sourceTree = "<group>"; };
		327C7E282645DE7C00C77C48 /* Location.swift */ = {isa = PBXFileReference; lastKnownFileType = sourcecode.swift; path = Location.swift; sourceTree = "<group>"; };
		327C7E2A2645F46400C77C48 /* Locations.swift */ = {isa = PBXFileReference; lastKnownFileType = sourcecode.swift; path = Locations.swift; sourceTree = "<group>"; };
/* End PBXFileReference section */

/* Begin PBXFrameworksBuildPhase section */
		327C7E0F264594A500C77C48 /* Frameworks */ = {
			isa = PBXFrameworksBuildPhase;
			buildActionMask = 2147483647;
			files = (
			);
			runOnlyForDeploymentPostprocessing = 0;
		};
/* End PBXFrameworksBuildPhase section */

/* Begin PBXGroup section */
		327C7E09264594A500C77C48 = {
			isa = PBXGroup;
			children = (
				327C7E14264594A500C77C48 /* Tour */,
				327C7E13264594A500C77C48 /* Products */,
			);
			sourceTree = "<group>";
		};
		327C7E13264594A500C77C48 /* Products */ = {
			isa = PBXGroup;
			children = (
				327C7E12264594A500C77C48 /* Tour.app */,
			);
			name = Products;
			sourceTree = "<group>";
		};
		327C7E14264594A500C77C48 /* Tour */ = {
			isa = PBXGroup;
			children = (
				327C7E15264594A500C77C48 /* TourApp.swift */,
				3230B0D82646D37800575E3C /* WorldView.swift */,
				327C7E17264594A500C77C48 /* ContentView.swift */,
				3230B0DA2648450B00575E3C /* Tip.swift */,
				3230B0DC264846C700575E3C /* TipsView.swift */,
				327C7E2A2645F46400C77C48 /* Locations.swift */,
				327C7E282645DE7C00C77C48 /* Location.swift */,
				327C7E19264594A800C77C48 /* Assets.xcassets */,
				327C7E24264599E300C77C48 /* locations.json */,
				327C7E25264599E300C77C48 /* tips.json */,
				327C7E1E264594A800C77C48 /* Info.plist */,
				327C7E1B264594A800C77C48 /* Preview Content */,
			);
			path = Tour;
			sourceTree = "<group>";
		};
		327C7E1B264594A800C77C48 /* Preview Content */ = {
			isa = PBXGroup;
			children = (
				327C7E1C264594A800C77C48 /* Preview Assets.xcassets */,
			);
			path = "Preview Content";
			sourceTree = "<group>";
		};
/* End PBXGroup section */

/* Begin PBXNativeTarget section */
		327C7E11264594A500C77C48 /* Tour */ = {
			isa = PBXNativeTarget;
			buildConfigurationList = 327C7E21264594A800C77C48 /* Build configuration list for PBXNativeTarget "Tour" */;
			buildPhases = (
				327C7E0E264594A500C77C48 /* Sources */,
				327C7E0F264594A500C77C48 /* Frameworks */,
				327C7E10264594A500C77C48 /* Resources */,
			);
			buildRules = (
			);
			dependencies = (
			);
			name = Tour;
			productName = Tour;
			productReference = 327C7E12264594A500C77C48 /* Tour.app */;
			productType = "com.apple.product-type.application";
		};
/* End PBXNativeTarget section */

/* Begin PBXProject section */
		327C7E0A264594A500C77C48 /* Project object */ = {
			isa = PBXProject;
			attributes = {
				LastSwiftUpdateCheck = 1250;
				LastUpgradeCheck = 1250;
				TargetAttributes = {
					327C7E11264594A500C77C48 = {
						CreatedOnToolsVersion = 12.5;
					};
				};
			};
			buildConfigurationList = 327C7E0D264594A500C77C48 /* Build configuration list for PBXProject "Tour" */;
			compatibilityVersion = "Xcode 9.3";
			developmentRegion = en;
			hasScannedForEncodings = 0;
			knownRegions = (
				en,
				Base,
			);
			mainGroup = 327C7E09264594A500C77C48;
			productRefGroup = 327C7E13264594A500C77C48 /* Products */;
			projectDirPath = "";
			projectRoot = "";
			targets = (
				327C7E11264594A500C77C48 /* Tour */,
			);
		};
/* End PBXProject section */

/* Begin PBXResourcesBuildPhase section */
		327C7E10264594A500C77C48 /* Resources */ = {
			isa = PBXResourcesBuildPhase;
			buildActionMask = 2147483647;
			files = (
				327C7E1D264594A800C77C48 /* Preview Assets.xcassets in Resources */,
				327C7E27264599E300C77C48 /* tips.json in Resources */,
				327C7E26264599E300C77C48 /* locations.json in Resources */,
				327C7E1A264594A800C77C48 /* Assets.xcassets in Resources */,
			);
			runOnlyForDeploymentPostprocessing = 0;
		};
/* End PBXResourcesBuildPhase section */

/* Begin PBXSourcesBuildPhase section */
		327C7E0E264594A500C77C48 /* Sources */ = {
			isa = PBXSourcesBuildPhase;
			buildActionMask = 2147483647;
			files = (
				327C7E18264594A500C77C48 /* ContentView.swift in Sources */,
				327C7E292645DE7C00C77C48 /* Location.swift in Sources */,
				3230B0D92646D37800575E3C /* WorldView.swift in Sources */,
				3230B0DB2648450B00575E3C /* Tip.swift in Sources */,
				3230B0DD264846C700575E3C /* TipsView.swift in Sources */,
				327C7E2B2645F46400C77C48 /* Locations.swift in Sources */,
				327C7E16264594A500C77C48 /* TourApp.swift in Sources */,
			);
			runOnlyForDeploymentPostprocessing = 0;
		};
/* End PBXSourcesBuildPhase section */

/* Begin XCBuildConfiguration section */
		327C7E1F264594A800C77C48 /* Debug */ = {
			isa = XCBuildConfiguration;
			buildSettings = {
				ALWAYS_SEARCH_USER_PATHS = NO;
				CLANG_ANALYZER_NONNULL = YES;
				CLANG_ANALYZER_NUMBER_OBJECT_CONVERSION = YES_AGGRESSIVE;
				CLANG_CXX_LANGUAGE_STANDARD = "gnu++14";
				CLANG_CXX_LIBRARY = "libc++";
				CLANG_ENABLE_MODULES = YES;
				CLANG_ENABLE_OBJC_ARC = YES;
				CLANG_ENABLE_OBJC_WEAK = YES;
				CLANG_WARN_BLOCK_CAPTURE_AUTORELEASING = YES;
				CLANG_WARN_BOOL_CONVERSION = YES;
				CLANG_WARN_COMMA = YES;
				CLANG_WARN_CONSTANT_CONVERSION = YES;
				CLANG_WARN_DEPRECATED_OBJC_IMPLEMENTATIONS = YES;
				CLANG_WARN_DIRECT_OBJC_ISA_USAGE = YES_ERROR;
				CLANG_WARN_DOCUMENTATION_COMMENTS = YES;
				CLANG_WARN_EMPTY_BODY = YES;
				CLANG_WARN_ENUM_CONVERSION = YES;
				CLANG_WARN_INFINITE_RECURSION = YES;
				CLANG_WARN_INT_CONVERSION = YES;
				CLANG_WARN_NON_LITERAL_NULL_CONVERSION = YES;
				CLANG_WARN_OBJC_IMPLICIT_RETAIN_SELF = YES;
				CLANG_WARN_OBJC_LITERAL_CONVERSION = YES;
				CLANG_WARN_OBJC_ROOT_CLASS = YES_ERROR;
				CLANG_WARN_QUOTED_INCLUDE_IN_FRAMEWORK_HEADER = YES;
				CLANG_WARN_RANGE_LOOP_ANALYSIS = YES;
				CLANG_WARN_STRICT_PROTOTYPES = YES;
				CLANG_WARN_SUSPICIOUS_MOVE = YES;
				CLANG_WARN_UNGUARDED_AVAILABILITY = YES_AGGRESSIVE;
				CLANG_WARN_UNREACHABLE_CODE = YES;
				CLANG_WARN__DUPLICATE_METHOD_MATCH = YES;
				COPY_PHASE_STRIP = NO;
				DEBUG_INFORMATION_FORMAT = dwarf;
				ENABLE_STRICT_OBJC_MSGSEND = YES;
				ENABLE_TESTABILITY = YES;
				GCC_C_LANGUAGE_STANDARD = gnu11;
				GCC_DYNAMIC_NO_PIC = NO;
				GCC_NO_COMMON_BLOCKS = YES;
				GCC_OPTIMIZATION_LEVEL = 0;
				GCC_PREPROCESSOR_DEFINITIONS = (
					"DEBUG=1",
					"$(inherited)",
				);
				GCC_WARN_64_TO_32_BIT_CONVERSION = YES;
				GCC_WARN_ABOUT_RETURN_TYPE = YES_ERROR;
				GCC_WARN_UNDECLARED_SELECTOR = YES;
				GCC_WARN_UNINITIALIZED_AUTOS = YES_AGGRESSIVE;
				GCC_WARN_UNUSED_FUNCTION = YES;
				GCC_WARN_UNUSED_VARIABLE = YES;
				IPHONEOS_DEPLOYMENT_TARGET = 14.5;
				MTL_ENABLE_DEBUG_INFO = INCLUDE_SOURCE;
				MTL_FAST_MATH = YES;
				ONLY_ACTIVE_ARCH = YES;
				SDKROOT = iphoneos;
				SWIFT_ACTIVE_COMPILATION_CONDITIONS = DEBUG;
				SWIFT_OPTIMIZATION_LEVEL = "-Onone";
			};
			name = Debug;
		};
		327C7E20264594A800C77C48 /* Release */ = {
			isa = XCBuildConfiguration;
			buildSettings = {
				ALWAYS_SEARCH_USER_PATHS = NO;
				CLANG_ANALYZER_NONNULL = YES;
				CLANG_ANALYZER_NUMBER_OBJECT_CONVERSION = YES_AGGRESSIVE;
				CLANG_CXX_LANGUAGE_STANDARD = "gnu++14";
				CLANG_CXX_LIBRARY = "libc++";
				CLANG_ENABLE_MODULES = YES;
				CLANG_ENABLE_OBJC_ARC = YES;
				CLANG_ENABLE_OBJC_WEAK = YES;
				CLANG_WARN_BLOCK_CAPTURE_AUTORELEASING = YES;
				CLANG_WARN_BOOL_CONVERSION = YES;
				CLANG_WARN_COMMA = YES;
				CLANG_WARN_CONSTANT_CONVERSION = YES;
				CLANG_WARN_DEPRECATED_OBJC_IMPLEMENTATIONS = YES;
				CLANG_WARN_DIRECT_OBJC_ISA_USAGE = YES_ERROR;
				CLANG_WARN_DOCUMENTATION_COMMENTS = YES;
				CLANG_WARN_EMPTY_BODY = YES;
				CLANG_WARN_ENUM_CONVERSION = YES;
				CLANG_WARN_INFINITE_RECURSION = YES;
				CLANG_WARN_INT_CONVERSION = YES;
				CLANG_WARN_NON_LITERAL_NULL_CONVERSION = YES;
				CLANG_WARN_OBJC_IMPLICIT_RETAIN_SELF = YES;
				CLANG_WARN_OBJC_LITERAL_CONVERSION = YES;
				CLANG_WARN_OBJC_ROOT_CLASS = YES_ERROR;
				CLANG_WARN_QUOTED_INCLUDE_IN_FRAMEWORK_HEADER = YES;
				CLANG_WARN_RANGE_LOOP_ANALYSIS = YES;
				CLANG_WARN_STRICT_PROTOTYPES = YES;
				CLANG_WARN_SUSPICIOUS_MOVE = YES;
				CLANG_WARN_UNGUARDED_AVAILABILITY = YES_AGGRESSIVE;
				CLANG_WARN_UNREACHABLE_CODE = YES;
				CLANG_WARN__DUPLICATE_METHOD_MATCH = YES;
				COPY_PHASE_STRIP = NO;
				DEBUG_INFORMATION_FORMAT = "dwarf-with-dsym";
				ENABLE_NS_ASSERTIONS = NO;
				ENABLE_STRICT_OBJC_MSGSEND = YES;
				GCC_C_LANGUAGE_STANDARD = gnu11;
				GCC_NO_COMMON_BLOCKS = YES;
				GCC_WARN_64_TO_32_BIT_CONVERSION = YES;
				GCC_WARN_ABOUT_RETURN_TYPE = YES_ERROR;
				GCC_WARN_UNDECLARED_SELECTOR = YES;
				GCC_WARN_UNINITIALIZED_AUTOS = YES_AGGRESSIVE;
				GCC_WARN_UNUSED_FUNCTION = YES;
				GCC_WARN_UNUSED_VARIABLE = YES;
				IPHONEOS_DEPLOYMENT_TARGET = 14.5;
				MTL_ENABLE_DEBUG_INFO = NO;
				MTL_FAST_MATH = YES;
				SDKROOT = iphoneos;
				SWIFT_COMPILATION_MODE = wholemodule;
				SWIFT_OPTIMIZATION_LEVEL = "-O";
				VALIDATE_PRODUCT = YES;
			};
			name = Release;
		};
		327C7E22264594A800C77C48 /* Debug */ = {
			isa = XCBuildConfiguration;
			buildSettings = {
				ASSETCATALOG_COMPILER_APPICON_NAME = AppIcon;
				ASSETCATALOG_COMPILER_GLOBAL_ACCENT_COLOR_NAME = AccentColor;
				CODE_SIGN_STYLE = Automatic;
				DEVELOPMENT_ASSET_PATHS = "\"Tour/Preview Content\"";
				DEVELOPMENT_TEAM = P4H97RMZ67;
				ENABLE_PREVIEWS = YES;
				INFOPLIST_FILE = Tour/Info.plist;
				IPHONEOS_DEPLOYMENT_TARGET = 14.0;
				LD_RUNPATH_SEARCH_PATHS = (
					"$(inherited)",
					"@executable_path/Frameworks",
				);
				PRODUCT_BUNDLE_IDENTIFIER = com.todimuj.tour.Tour;
				PRODUCT_NAME = "$(TARGET_NAME)";
				SWIFT_VERSION = 5.0;
				TARGETED_DEVICE_FAMILY = "1,2";
			};
			name = Debug;
		};
		327C7E23264594A800C77C48 /* Release */ = {
			isa = XCBuildConfiguration;
			buildSettings = {
				ASSETCATALOG_COMPILER_APPICON_NAME = AppIcon;
				ASSETCATALOG_COMPILER_GLOBAL_ACCENT_COLOR_NAME = AccentColor;
				CODE_SIGN_STYLE = Automatic;
				DEVELOPMENT_ASSET_PATHS = "\"Tour/Preview Content\"";
				DEVELOPMENT_TEAM = P4H97RMZ67;
				ENABLE_PREVIEWS = YES;
				INFOPLIST_FILE = Tour/Info.plist;
				IPHONEOS_DEPLOYMENT_TARGET = 14.0;
				LD_RUNPATH_SEARCH_PATHS = (
					"$(inherited)",
					"@executable_path/Frameworks",
				);
				PRODUCT_BUNDLE_IDENTIFIER = com.todimuj.tour.Tour;
				PRODUCT_NAME = "$(TARGET_NAME)";
				SWIFT_VERSION = 5.0;
				TARGETED_DEVICE_FAMILY = "1,2";
			};
			name = Release;
		};
/* End XCBuildConfiguration section */

/* Begin XCConfigurationList section */
		327C7E0D264594A500C77C48 /* Build configuration list for PBXProject "Tour" */ = {
			isa = XCConfigurationList;
			buildConfigurations = (
				327C7E1F264594A800C77C48 /* Debug */,
				327C7E20264594A800C77C48 /* Release */,
			);
			defaultConfigurationIsVisible = 0;
			defaultConfigurationName = Release;
		};
		327C7E21264594A800C77C48 /* Build configuration list for PBXNativeTarget "Tour" */ = {
			isa = XCConfigurationList;
			buildConfigurations = (
				327C7E22264594A800C77C48 /* Debug */,
				327C7E23264594A800C77C48 /* Release */,
			);
			defaultConfigurationIsVisible = 0;
			defaultConfigurationName = Release;
		};
/* End XCConfigurationList section */
	};
	rootObject = 327C7E0A264594A500C77C48 /* Project object */;
}
